// !$*UTF8*$!
{
	archiveVersion = 1;
	classes = {
	};
	objectVersion = 46;
	objects = {

/* Begin PBXBuildFile section */
		075594AB19B60B2E009DEFB4 /* SuperDao.m in Sources */ = {isa = PBXBuildFile; fileRef = 075594AA19B60B2E009DEFB4 /* SuperDao.m */; };
		075C11FD19938B2B004F72FD /* Foundation.framework in Frameworks */ = {isa = PBXBuildFile; fileRef = 075C11FC19938B2B004F72FD /* Foundation.framework */; };
		075C11FF19938B2B004F72FD /* CoreGraphics.framework in Frameworks */ = {isa = PBXBuildFile; fileRef = 075C11FE19938B2B004F72FD /* CoreGraphics.framework */; };
		075C120119938B2B004F72FD /* UIKit.framework in Frameworks */ = {isa = PBXBuildFile; fileRef = 075C120019938B2B004F72FD /* UIKit.framework */; };
		075C120719938B2B004F72FD /* InfoPlist.strings in Resources */ = {isa = PBXBuildFile; fileRef = 075C120519938B2B004F72FD /* InfoPlist.strings */; };
		075C120919938B2B004F72FD /* main.m in Sources */ = {isa = PBXBuildFile; fileRef = 075C120819938B2B004F72FD /* main.m */; };
		075C120D19938B2B004F72FD /* AppDelegate.m in Sources */ = {isa = PBXBuildFile; fileRef = 075C120C19938B2B004F72FD /* AppDelegate.m */; };
		075C121019938B2B004F72FD /* Main.storyboard in Resources */ = {isa = PBXBuildFile; fileRef = 075C120E19938B2B004F72FD /* Main.storyboard */; };
		075C121519938B2B004F72FD /* Images.xcassets in Resources */ = {isa = PBXBuildFile; fileRef = 075C121419938B2B004F72FD /* Images.xcassets */; };
		075C121C19938B2B004F72FD /* XCTest.framework in Frameworks */ = {isa = PBXBuildFile; fileRef = 075C121B19938B2B004F72FD /* XCTest.framework */; };
		075C121D19938B2B004F72FD /* Foundation.framework in Frameworks */ = {isa = PBXBuildFile; fileRef = 075C11FC19938B2B004F72FD /* Foundation.framework */; };
		075C121E19938B2B004F72FD /* UIKit.framework in Frameworks */ = {isa = PBXBuildFile; fileRef = 075C120019938B2B004F72FD /* UIKit.framework */; };
		075C122619938B2B004F72FD /* InfoPlist.strings in Resources */ = {isa = PBXBuildFile; fileRef = 075C122419938B2B004F72FD /* InfoPlist.strings */; };
		075C122819938B2B004F72FD /* Work_For_Fun_20140808Tests.m in Sources */ = {isa = PBXBuildFile; fileRef = 075C122719938B2B004F72FD /* Work_For_Fun_20140808Tests.m */; };
		0775322019B2F33E001211DF /* BookPageView.m in Sources */ = {isa = PBXBuildFile; fileRef = 0775321F19B2F33E001211DF /* BookPageView.m */; };
		0783DB1819B7091500869653 /* book.sqlite in Resources */ = {isa = PBXBuildFile; fileRef = 0783DB1719B7091500869653 /* book.sqlite */; };
		0783DB1B19B7164200869653 /* ChapterDao.m in Sources */ = {isa = PBXBuildFile; fileRef = 0783DB1A19B7164200869653 /* ChapterDao.m */; };
		0783DB1E19B7166F00869653 /* SuperBean.m in Sources */ = {isa = PBXBuildFile; fileRef = 0783DB1D19B7166F00869653 /* SuperBean.m */; };
		0783DB2119B7168700869653 /* ChapterBean.m in Sources */ = {isa = PBXBuildFile; fileRef = 0783DB2019B7168700869653 /* ChapterBean.m */; };
		0783DB2319B72E8E00869653 /* book.pdf in Resources */ = {isa = PBXBuildFile; fileRef = 0783DB2219B72E8E00869653 /* book.pdf */; };
		0783DB2619B767FD00869653 /* BookmarkBean.m in Sources */ = {isa = PBXBuildFile; fileRef = 0783DB2519B767FD00869653 /* BookmarkBean.m */; };
		0783DB2919B7680F00869653 /* BookmarkDao.m in Sources */ = {isa = PBXBuildFile; fileRef = 0783DB2819B7680F00869653 /* BookmarkDao.m */; };
		07B9F05319A890AE002F132F /* GlobalInstance.m in Sources */ = {isa = PBXBuildFile; fileRef = 07B9F05219A890AE002F132F /* GlobalInstance.m */; };
		07BBEEC419B5D74E004BB46C /* GuideViewController.m in Sources */ = {isa = PBXBuildFile; fileRef = 07BBEEC319B5D74E004BB46C /* GuideViewController.m */; };
		07CE3ACF19B8881400806999 /* HistoryBean.m in Sources */ = {isa = PBXBuildFile; fileRef = 07CE3ACE19B8881400806999 /* HistoryBean.m */; };
		07CE3AD219B8882A00806999 /* HistoryDao.m in Sources */ = {isa = PBXBuildFile; fileRef = 07CE3AD119B8882A00806999 /* HistoryDao.m */; };
		07CE3AD519B9AEBE00806999 /* NoteBean.m in Sources */ = {isa = PBXBuildFile; fileRef = 07CE3AD419B9AEBE00806999 /* NoteBean.m */; };
		07CE3AD819B9AECE00806999 /* NoteDao.m in Sources */ = {isa = PBXBuildFile; fileRef = 07CE3AD719B9AECE00806999 /* NoteDao.m */; };
		07CE3ADB19BB238C00806999 /* LoginViewController.m in Sources */ = {isa = PBXBuildFile; fileRef = 07CE3ADA19BB238C00806999 /* LoginViewController.m */; };
		07CE3ADF19BC155800806999 /* AnimationWrapper.m in Sources */ = {isa = PBXBuildFile; fileRef = 07CE3ADE19BC155800806999 /* AnimationWrapper.m */; };
		07CE3AE219BC1B6900806999 /* RequestWrapper.m in Sources */ = {isa = PBXBuildFile; fileRef = 07CE3AE119BC1B6900806999 /* RequestWrapper.m */; };
		07CE3AE519BC303B00806999 /* WebViewController.m in Sources */ = {isa = PBXBuildFile; fileRef = 07CE3AE419BC303B00806999 /* WebViewController.m */; };
		07F593931999ED1E00BD5C90 /* CIDFont.m in Sources */ = {isa = PBXBuildFile; fileRef = 07F593561999ED1E00BD5C90 /* CIDFont.m */; settings = {COMPILER_FLAGS = "-fno-objc-arc -w"; }; };
		07F593941999ED1E00BD5C90 /* CIDType0Font.m in Sources */ = {isa = PBXBuildFile; fileRef = 07F593581999ED1E00BD5C90 /* CIDType0Font.m */; settings = {COMPILER_FLAGS = "-fno-objc-arc -w"; }; };
		07F593951999ED1E00BD5C90 /* CIDType2Font.m in Sources */ = {isa = PBXBuildFile; fileRef = 07F5935A1999ED1E00BD5C90 /* CIDType2Font.m */; settings = {COMPILER_FLAGS = "-fno-objc-arc -w"; }; };
		07F593961999ED1E00BD5C90 /* CMap.m in Sources */ = {isa = PBXBuildFile; fileRef = 07F5935C1999ED1E00BD5C90 /* CMap.m */; settings = {COMPILER_FLAGS = "-fno-objc-arc -w"; }; };
		07F593971999ED1E00BD5C90 /* CompositeFont.m in Sources */ = {isa = PBXBuildFile; fileRef = 07F5935E1999ED1E00BD5C90 /* CompositeFont.m */; settings = {COMPILER_FLAGS = "-fno-objc-arc -w"; }; };
		07F593981999ED1E00BD5C90 /* DocumentsView.m in Sources */ = {isa = PBXBuildFile; fileRef = 07F593601999ED1E00BD5C90 /* DocumentsView.m */; settings = {COMPILER_FLAGS = "-fno-objc-arc -w"; }; };
		07F593991999ED1E00BD5C90 /* Font.m in Sources */ = {isa = PBXBuildFile; fileRef = 07F593621999ED1E00BD5C90 /* Font.m */; settings = {COMPILER_FLAGS = "-fno-objc-arc -w"; }; };
		07F5939A1999ED1E00BD5C90 /* FontCollection.m in Sources */ = {isa = PBXBuildFile; fileRef = 07F593641999ED1E00BD5C90 /* FontCollection.m */; settings = {COMPILER_FLAGS = "-fno-objc-arc -w"; }; };
		07F5939B1999ED1E00BD5C90 /* FontDescriptor.m in Sources */ = {isa = PBXBuildFile; fileRef = 07F593661999ED1E00BD5C90 /* FontDescriptor.m */; settings = {COMPILER_FLAGS = "-fno-objc-arc -w"; }; };
		07F5939C1999ED1E00BD5C90 /* FontFile.m in Sources */ = {isa = PBXBuildFile; fileRef = 07F593681999ED1E00BD5C90 /* FontFile.m */; settings = {COMPILER_FLAGS = "-fno-objc-arc -w"; }; };
		07F5939E1999ED1E00BD5C90 /* MMType1Font.m in Sources */ = {isa = PBXBuildFile; fileRef = 07F5936B1999ED1E00BD5C90 /* MMType1Font.m */; settings = {COMPILER_FLAGS = "-fno-objc-arc -w"; }; };
		07F5939F1999ED1E00BD5C90 /* Page.m in Sources */ = {isa = PBXBuildFile; fileRef = 07F5936D1999ED1E00BD5C90 /* Page.m */; settings = {COMPILER_FLAGS = "-fno-objc-arc -w"; }; };
		07F593A01999ED1E00BD5C90 /* PageView.m in Sources */ = {isa = PBXBuildFile; fileRef = 07F5936F1999ED1E00BD5C90 /* PageView.m */; settings = {COMPILER_FLAGS = "-fno-objc-arc -w"; }; };
		07F593A11999ED1E00BD5C90 /* PageViewController.m in Sources */ = {isa = PBXBuildFile; fileRef = 07F593711999ED1E00BD5C90 /* PageViewController.m */; settings = {COMPILER_FLAGS = "-fno-objc-arc -w"; }; };
		07F593A21999ED1E00BD5C90 /* PageViewController.xib in Resources */ = {isa = PBXBuildFile; fileRef = 07F593721999ED1E00BD5C90 /* PageViewController.xib */; };
		07F593A51999ED1E00BD5C90 /* PDFPage.m in Sources */ = {isa = PBXBuildFile; fileRef = 07F593781999ED1E00BD5C90 /* PDFPage.m */; settings = {COMPILER_FLAGS = "-fno-objc-arc -w"; }; };
		07F593A61999ED1E00BD5C90 /* PDFPageDetailsView.m in Sources */ = {isa = PBXBuildFile; fileRef = 07F5937A1999ED1E00BD5C90 /* PDFPageDetailsView.m */; settings = {COMPILER_FLAGS = "-fno-objc-arc -w"; }; };
		07F593A71999ED1E00BD5C90 /* pdfScannerCallbacks.mm in Sources */ = {isa = PBXBuildFile; fileRef = 07F5937B1999ED1E00BD5C90 /* pdfScannerCallbacks.mm */; settings = {COMPILER_FLAGS = "-fno-objc-arc -w"; }; };
		07F593A81999ED1E00BD5C90 /* RenderingState.m in Sources */ = {isa = PBXBuildFile; fileRef = 07F5937D1999ED1E00BD5C90 /* RenderingState.m */; settings = {COMPILER_FLAGS = "-fno-objc-arc -w"; }; };
		07F593A91999ED1E00BD5C90 /* RenderingStateStack.m in Sources */ = {isa = PBXBuildFile; fileRef = 07F5937F1999ED1E00BD5C90 /* RenderingStateStack.m */; settings = {COMPILER_FLAGS = "-fno-objc-arc -w"; }; };
		07F593AA1999ED1E00BD5C90 /* RootViewController.m in Sources */ = {isa = PBXBuildFile; fileRef = 07F593811999ED1E00BD5C90 /* RootViewController.m */; settings = {COMPILER_FLAGS = "-fno-objc-arc -w"; }; };
		07F593AB1999ED1E00BD5C90 /* Scanner.m in Sources */ = {isa = PBXBuildFile; fileRef = 07F593831999ED1E00BD5C90 /* Scanner.m */; settings = {COMPILER_FLAGS = "-fno-objc-arc -w"; }; };
		07F593AC1999ED1E00BD5C90 /* Selection.m in Sources */ = {isa = PBXBuildFile; fileRef = 07F593851999ED1E00BD5C90 /* Selection.m */; settings = {COMPILER_FLAGS = "-fno-objc-arc -w"; }; };
		07F593AD1999ED1E00BD5C90 /* SimpleFont.m in Sources */ = {isa = PBXBuildFile; fileRef = 07F593871999ED1E00BD5C90 /* SimpleFont.m */; settings = {COMPILER_FLAGS = "-fno-objc-arc -w"; }; };
		07F593AE1999ED1E00BD5C90 /* StringDetector.m in Sources */ = {isa = PBXBuildFile; fileRef = 07F593891999ED1E00BD5C90 /* StringDetector.m */; settings = {COMPILER_FLAGS = "-fno-objc-arc -w"; }; };
		07F593AF1999ED1E00BD5C90 /* TrueTypeFont.m in Sources */ = {isa = PBXBuildFile; fileRef = 07F5938C1999ED1E00BD5C90 /* TrueTypeFont.m */; settings = {COMPILER_FLAGS = "-fno-objc-arc -w"; }; };
		07F593B01999ED1E00BD5C90 /* Type0Font.m in Sources */ = {isa = PBXBuildFile; fileRef = 07F5938E1999ED1E00BD5C90 /* Type0Font.m */; settings = {COMPILER_FLAGS = "-fno-objc-arc -w"; }; };
		07F593B11999ED1E00BD5C90 /* Type1Font.m in Sources */ = {isa = PBXBuildFile; fileRef = 07F593901999ED1E00BD5C90 /* Type1Font.m */; settings = {COMPILER_FLAGS = "-fno-objc-arc -w"; }; };
		07F593B21999ED1E00BD5C90 /* Type3Font.m in Sources */ = {isa = PBXBuildFile; fileRef = 07F593921999ED1E00BD5C90 /* Type3Font.m */; settings = {COMPILER_FLAGS = "-fno-objc-arc -w"; }; };
		07F593B7199A0F7D00BD5C90 /* LeftMenuViewController.m in Sources */ = {isa = PBXBuildFile; fileRef = 07F593B6199A0F7D00BD5C90 /* LeftMenuViewController.m */; };
		07F593BA199A0F9200BD5C90 /* MainContentViewController.m in Sources */ = {isa = PBXBuildFile; fileRef = 07F593B9199A0F9200BD5C90 /* MainContentViewController.m */; };
		202E8CD9D35045608DAD1A30 /* libPods.a in Frameworks */ = {isa = PBXBuildFile; fileRef = 70B0663602E44548A9B3BB3B /* libPods.a */; };
/* End PBXBuildFile section */

/* Begin PBXContainerItemProxy section */
		075C121F19938B2B004F72FD /* PBXContainerItemProxy */ = {
			isa = PBXContainerItemProxy;
			containerPortal = 075C11F119938B2B004F72FD /* Project object */;
			proxyType = 1;
			remoteGlobalIDString = 075C11F819938B2B004F72FD;
			remoteInfo = Work_For_Fun_20140808;
		};
/* End PBXContainerItemProxy section */

/* Begin PBXFileReference section */
		075594A919B60B2E009DEFB4 /* SuperDao.h */ = {isa = PBXFileReference; fileEncoding = 4; lastKnownFileType = sourcecode.c.h; path = SuperDao.h; sourceTree = "<group>"; };
		075594AA19B60B2E009DEFB4 /* SuperDao.m */ = {isa = PBXFileReference; fileEncoding = 4; lastKnownFileType = sourcecode.c.objc; path = SuperDao.m; sourceTree = "<group>"; };
		075C11F919938B2B004F72FD /* Work_For_Fun_20140808.app */ = {isa = PBXFileReference; explicitFileType = wrapper.application; includeInIndex = 0; path = Work_For_Fun_20140808.app; sourceTree = BUILT_PRODUCTS_DIR; };
		075C11FC19938B2B004F72FD /* Foundation.framework */ = {isa = PBXFileReference; lastKnownFileType = wrapper.framework; name = Foundation.framework; path = System/Library/Frameworks/Foundation.framework; sourceTree = SDKROOT; };
		075C11FE19938B2B004F72FD /* CoreGraphics.framework */ = {isa = PBXFileReference; lastKnownFileType = wrapper.framework; name = CoreGraphics.framework; path = System/Library/Frameworks/CoreGraphics.framework; sourceTree = SDKROOT; };
		075C120019938B2B004F72FD /* UIKit.framework */ = {isa = PBXFileReference; lastKnownFileType = wrapper.framework; name = UIKit.framework; path = System/Library/Frameworks/UIKit.framework; sourceTree = SDKROOT; };
		075C120419938B2B004F72FD /* Work_For_Fun_20140808-Info.plist */ = {isa = PBXFileReference; lastKnownFileType = text.plist.xml; path = "Work_For_Fun_20140808-Info.plist"; sourceTree = "<group>"; };
		075C120619938B2B004F72FD /* en */ = {isa = PBXFileReference; lastKnownFileType = text.plist.strings; name = en; path = en.lproj/InfoPlist.strings; sourceTree = "<group>"; };
		075C120819938B2B004F72FD /* main.m */ = {isa = PBXFileReference; lastKnownFileType = sourcecode.c.objc; path = main.m; sourceTree = "<group>"; };
		075C120A19938B2B004F72FD /* Work_For_Fun_20140808-Prefix.pch */ = {isa = PBXFileReference; lastKnownFileType = sourcecode.c.h; path = "Work_For_Fun_20140808-Prefix.pch"; sourceTree = "<group>"; };
		075C120B19938B2B004F72FD /* AppDelegate.h */ = {isa = PBXFileReference; lastKnownFileType = sourcecode.c.h; path = AppDelegate.h; sourceTree = "<group>"; };
		075C120C19938B2B004F72FD /* AppDelegate.m */ = {isa = PBXFileReference; lastKnownFileType = sourcecode.c.objc; path = AppDelegate.m; sourceTree = "<group>"; };
		075C120F19938B2B004F72FD /* Base */ = {isa = PBXFileReference; lastKnownFileType = file.storyboard; name = Base; path = Base.lproj/Main.storyboard; sourceTree = "<group>"; };
		075C121419938B2B004F72FD /* Images.xcassets */ = {isa = PBXFileReference; lastKnownFileType = folder.assetcatalog; path = Images.xcassets; sourceTree = "<group>"; };
		075C121A19938B2B004F72FD /* Work_For_Fun_20140808Tests.xctest */ = {isa = PBXFileReference; explicitFileType = wrapper.cfbundle; includeInIndex = 0; path = Work_For_Fun_20140808Tests.xctest; sourceTree = BUILT_PRODUCTS_DIR; };
		075C121B19938B2B004F72FD /* XCTest.framework */ = {isa = PBXFileReference; lastKnownFileType = wrapper.framework; name = XCTest.framework; path = Library/Frameworks/XCTest.framework; sourceTree = DEVELOPER_DIR; };
		075C122319938B2B004F72FD /* Work_For_Fun_20140808Tests-Info.plist */ = {isa = PBXFileReference; lastKnownFileType = text.plist.xml; path = "Work_For_Fun_20140808Tests-Info.plist"; sourceTree = "<group>"; };
		075C122519938B2B004F72FD /* en */ = {isa = PBXFileReference; lastKnownFileType = text.plist.strings; name = en; path = en.lproj/InfoPlist.strings; sourceTree = "<group>"; };
		075C122719938B2B004F72FD /* Work_For_Fun_20140808Tests.m */ = {isa = PBXFileReference; lastKnownFileType = sourcecode.c.objc; path = Work_For_Fun_20140808Tests.m; sourceTree = "<group>"; };
		0775321E19B2F33E001211DF /* BookPageView.h */ = {isa = PBXFileReference; fileEncoding = 4; lastKnownFileType = sourcecode.c.h; path = BookPageView.h; sourceTree = "<group>"; };
		0775321F19B2F33E001211DF /* BookPageView.m */ = {isa = PBXFileReference; fileEncoding = 4; lastKnownFileType = sourcecode.c.objc; path = BookPageView.m; sourceTree = "<group>"; };
		0783DB1719B7091500869653 /* book.sqlite */ = {isa = PBXFileReference; lastKnownFileType = file; path = book.sqlite; sourceTree = "<group>"; };
		0783DB1919B7164200869653 /* ChapterDao.h */ = {isa = PBXFileReference; fileEncoding = 4; lastKnownFileType = sourcecode.c.h; path = ChapterDao.h; sourceTree = "<group>"; };
		0783DB1A19B7164200869653 /* ChapterDao.m */ = {isa = PBXFileReference; fileEncoding = 4; lastKnownFileType = sourcecode.c.objc; path = ChapterDao.m; sourceTree = "<group>"; };
		0783DB1C19B7166F00869653 /* SuperBean.h */ = {isa = PBXFileReference; fileEncoding = 4; lastKnownFileType = sourcecode.c.h; path = SuperBean.h; sourceTree = "<group>"; };
		0783DB1D19B7166F00869653 /* SuperBean.m */ = {isa = PBXFileReference; fileEncoding = 4; lastKnownFileType = sourcecode.c.objc; path = SuperBean.m; sourceTree = "<group>"; };
		0783DB1F19B7168700869653 /* ChapterBean.h */ = {isa = PBXFileReference; fileEncoding = 4; lastKnownFileType = sourcecode.c.h; path = ChapterBean.h; sourceTree = "<group>"; };
		0783DB2019B7168700869653 /* ChapterBean.m */ = {isa = PBXFileReference; fileEncoding = 4; lastKnownFileType = sourcecode.c.objc; path = ChapterBean.m; sourceTree = "<group>"; };
		0783DB2219B72E8E00869653 /* book.pdf */ = {isa = PBXFileReference; lastKnownFileType = image.pdf; path = book.pdf; sourceTree = "<group>"; };
		0783DB2419B767FD00869653 /* BookmarkBean.h */ = {isa = PBXFileReference; fileEncoding = 4; lastKnownFileType = sourcecode.c.h; path = BookmarkBean.h; sourceTree = "<group>"; };
		0783DB2519B767FD00869653 /* BookmarkBean.m */ = {isa = PBXFileReference; fileEncoding = 4; lastKnownFileType = sourcecode.c.objc; path = BookmarkBean.m; sourceTree = "<group>"; };
		0783DB2719B7680F00869653 /* BookmarkDao.h */ = {isa = PBXFileReference; fileEncoding = 4; lastKnownFileType = sourcecode.c.h; path = BookmarkDao.h; sourceTree = "<group>"; };
		0783DB2819B7680F00869653 /* BookmarkDao.m */ = {isa = PBXFileReference; fileEncoding = 4; lastKnownFileType = sourcecode.c.objc; path = BookmarkDao.m; sourceTree = "<group>"; };
		07B9F05119A890AE002F132F /* GlobalInstance.h */ = {isa = PBXFileReference; fileEncoding = 4; lastKnownFileType = sourcecode.c.h; path = GlobalInstance.h; sourceTree = "<group>"; };
		07B9F05219A890AE002F132F /* GlobalInstance.m */ = {isa = PBXFileReference; fileEncoding = 4; lastKnownFileType = sourcecode.c.objc; path = GlobalInstance.m; sourceTree = "<group>"; };
		07BBEEC219B5D74E004BB46C /* GuideViewController.h */ = {isa = PBXFileReference; fileEncoding = 4; lastKnownFileType = sourcecode.c.h; path = GuideViewController.h; sourceTree = "<group>"; };
		07BBEEC319B5D74E004BB46C /* GuideViewController.m */ = {isa = PBXFileReference; fileEncoding = 4; lastKnownFileType = sourcecode.c.objc; path = GuideViewController.m; sourceTree = "<group>"; };
		07CE3ACD19B8881400806999 /* HistoryBean.h */ = {isa = PBXFileReference; fileEncoding = 4; lastKnownFileType = sourcecode.c.h; path = HistoryBean.h; sourceTree = "<group>"; };
		07CE3ACE19B8881400806999 /* HistoryBean.m */ = {isa = PBXFileReference; fileEncoding = 4; lastKnownFileType = sourcecode.c.objc; path = HistoryBean.m; sourceTree = "<group>"; };
		07CE3AD019B8882A00806999 /* HistoryDao.h */ = {isa = PBXFileReference; fileEncoding = 4; lastKnownFileType = sourcecode.c.h; path = HistoryDao.h; sourceTree = "<group>"; };
		07CE3AD119B8882A00806999 /* HistoryDao.m */ = {isa = PBXFileReference; fileEncoding = 4; lastKnownFileType = sourcecode.c.objc; path = HistoryDao.m; sourceTree = "<group>"; };
		07CE3AD319B9AEBE00806999 /* NoteBean.h */ = {isa = PBXFileReference; fileEncoding = 4; lastKnownFileType = sourcecode.c.h; path = NoteBean.h; sourceTree = "<group>"; };
		07CE3AD419B9AEBE00806999 /* NoteBean.m */ = {isa = PBXFileReference; fileEncoding = 4; lastKnownFileType = sourcecode.c.objc; path = NoteBean.m; sourceTree = "<group>"; };
		07CE3AD619B9AECE00806999 /* NoteDao.h */ = {isa = PBXFileReference; fileEncoding = 4; lastKnownFileType = sourcecode.c.h; path = NoteDao.h; sourceTree = "<group>"; };
		07CE3AD719B9AECE00806999 /* NoteDao.m */ = {isa = PBXFileReference; fileEncoding = 4; lastKnownFileType = sourcecode.c.objc; path = NoteDao.m; sourceTree = "<group>"; };
		07CE3AD919BB238C00806999 /* LoginViewController.h */ = {isa = PBXFileReference; fileEncoding = 4; lastKnownFileType = sourcecode.c.h; path = LoginViewController.h; sourceTree = "<group>"; };
		07CE3ADA19BB238C00806999 /* LoginViewController.m */ = {isa = PBXFileReference; fileEncoding = 4; lastKnownFileType = sourcecode.c.objc; path = LoginViewController.m; sourceTree = "<group>"; };
		07CE3ADD19BC155800806999 /* AnimationWrapper.h */ = {isa = PBXFileReference; fileEncoding = 4; lastKnownFileType = sourcecode.c.h; path = AnimationWrapper.h; sourceTree = "<group>"; };
		07CE3ADE19BC155800806999 /* AnimationWrapper.m */ = {isa = PBXFileReference; fileEncoding = 4; lastKnownFileType = sourcecode.c.objc; path = AnimationWrapper.m; sourceTree = "<group>"; };
		07CE3AE019BC1B6900806999 /* RequestWrapper.h */ = {isa = PBXFileReference; fileEncoding = 4; lastKnownFileType = sourcecode.c.h; path = RequestWrapper.h; sourceTree = "<group>"; };
		07CE3AE119BC1B6900806999 /* RequestWrapper.m */ = {isa = PBXFileReference; fileEncoding = 4; lastKnownFileType = sourcecode.c.objc; path = RequestWrapper.m; sourceTree = "<group>"; };
		07CE3AE319BC303B00806999 /* WebViewController.h */ = {isa = PBXFileReference; fileEncoding = 4; lastKnownFileType = sourcecode.c.h; path = WebViewController.h; sourceTree = "<group>"; };
		07CE3AE419BC303B00806999 /* WebViewController.m */ = {isa = PBXFileReference; fileEncoding = 4; lastKnownFileType = sourcecode.c.objc; path = WebViewController.m; sourceTree = "<group>"; };
		07F593551999ED1E00BD5C90 /* CIDFont.h */ = {isa = PBXFileReference; fileEncoding = 4; lastKnownFileType = sourcecode.c.h; path = CIDFont.h; sourceTree = "<group>"; };
		07F593561999ED1E00BD5C90 /* CIDFont.m */ = {isa = PBXFileReference; fileEncoding = 4; lastKnownFileType = sourcecode.c.objc; path = CIDFont.m; sourceTree = "<group>"; };
		07F593571999ED1E00BD5C90 /* CIDType0Font.h */ = {isa = PBXFileReference; fileEncoding = 4; lastKnownFileType = sourcecode.c.h; path = CIDType0Font.h; sourceTree = "<group>"; };
		07F593581999ED1E00BD5C90 /* CIDType0Font.m */ = {isa = PBXFileReference; fileEncoding = 4; lastKnownFileType = sourcecode.c.objc; path = CIDType0Font.m; sourceTree = "<group>"; };
		07F593591999ED1E00BD5C90 /* CIDType2Font.h */ = {isa = PBXFileReference; fileEncoding = 4; lastKnownFileType = sourcecode.c.h; path = CIDType2Font.h; sourceTree = "<group>"; };
		07F5935A1999ED1E00BD5C90 /* CIDType2Font.m */ = {isa = PBXFileReference; fileEncoding = 4; lastKnownFileType = sourcecode.c.objc; path = CIDType2Font.m; sourceTree = "<group>"; };
		07F5935B1999ED1E00BD5C90 /* CMap.h */ = {isa = PBXFileReference; fileEncoding = 4; lastKnownFileType = sourcecode.c.h; path = CMap.h; sourceTree = "<group>"; };
		07F5935C1999ED1E00BD5C90 /* CMap.m */ = {isa = PBXFileReference; fileEncoding = 4; lastKnownFileType = sourcecode.c.objc; path = CMap.m; sourceTree = "<group>"; };
		07F5935D1999ED1E00BD5C90 /* CompositeFont.h */ = {isa = PBXFileReference; fileEncoding = 4; lastKnownFileType = sourcecode.c.h; path = CompositeFont.h; sourceTree = "<group>"; };
		07F5935E1999ED1E00BD5C90 /* CompositeFont.m */ = {isa = PBXFileReference; fileEncoding = 4; lastKnownFileType = sourcecode.c.objc; path = CompositeFont.m; sourceTree = "<group>"; };
		07F5935F1999ED1E00BD5C90 /* DocumentsView.h */ = {isa = PBXFileReference; fileEncoding = 4; lastKnownFileType = sourcecode.c.h; path = DocumentsView.h; sourceTree = "<group>"; };
		07F593601999ED1E00BD5C90 /* DocumentsView.m */ = {isa = PBXFileReference; fileEncoding = 4; lastKnownFileType = sourcecode.c.objc; path = DocumentsView.m; sourceTree = "<group>"; };
		07F593611999ED1E00BD5C90 /* Font.h */ = {isa = PBXFileReference; fileEncoding = 4; lastKnownFileType = sourcecode.c.h; path = Font.h; sourceTree = "<group>"; };
		07F593621999ED1E00BD5C90 /* Font.m */ = {isa = PBXFileReference; fileEncoding = 4; lastKnownFileType = sourcecode.c.objc; path = Font.m; sourceTree = "<group>"; };
		07F593631999ED1E00BD5C90 /* FontCollection.h */ = {isa = PBXFileReference; fileEncoding = 4; lastKnownFileType = sourcecode.c.h; path = FontCollection.h; sourceTree = "<group>"; };
		07F593641999ED1E00BD5C90 /* FontCollection.m */ = {isa = PBXFileReference; fileEncoding = 4; lastKnownFileType = sourcecode.c.objc; path = FontCollection.m; sourceTree = "<group>"; };
		07F593651999ED1E00BD5C90 /* FontDescriptor.h */ = {isa = PBXFileReference; fileEncoding = 4; lastKnownFileType = sourcecode.c.h; path = FontDescriptor.h; sourceTree = "<group>"; };
		07F593661999ED1E00BD5C90 /* FontDescriptor.m */ = {isa = PBXFileReference; fileEncoding = 4; lastKnownFileType = sourcecode.c.objc; path = FontDescriptor.m; sourceTree = "<group>"; };
		07F593671999ED1E00BD5C90 /* FontFile.h */ = {isa = PBXFileReference; fileEncoding = 4; lastKnownFileType = sourcecode.c.h; path = FontFile.h; sourceTree = "<group>"; };
		07F593681999ED1E00BD5C90 /* FontFile.m */ = {isa = PBXFileReference; fileEncoding = 4; lastKnownFileType = sourcecode.c.objc; path = FontFile.m; sourceTree = "<group>"; };
		07F5936A1999ED1E00BD5C90 /* MMType1Font.h */ = {isa = PBXFileReference; fileEncoding = 4; lastKnownFileType = sourcecode.c.h; path = MMType1Font.h; sourceTree = "<group>"; };
		07F5936B1999ED1E00BD5C90 /* MMType1Font.m */ = {isa = PBXFileReference; fileEncoding = 4; lastKnownFileType = sourcecode.c.objc; path = MMType1Font.m; sourceTree = "<group>"; };
		07F5936C1999ED1E00BD5C90 /* Page.h */ = {isa = PBXFileReference; fileEncoding = 4; lastKnownFileType = sourcecode.c.h; path = Page.h; sourceTree = "<group>"; };
		07F5936D1999ED1E00BD5C90 /* Page.m */ = {isa = PBXFileReference; fileEncoding = 4; lastKnownFileType = sourcecode.c.objc; path = Page.m; sourceTree = "<group>"; };
		07F5936E1999ED1E00BD5C90 /* PageView.h */ = {isa = PBXFileReference; fileEncoding = 4; lastKnownFileType = sourcecode.c.h; path = PageView.h; sourceTree = "<group>"; };
		07F5936F1999ED1E00BD5C90 /* PageView.m */ = {isa = PBXFileReference; fileEncoding = 4; lastKnownFileType = sourcecode.c.objc; path = PageView.m; sourceTree = "<group>"; };
		07F593701999ED1E00BD5C90 /* PageViewController.h */ = {isa = PBXFileReference; fileEncoding = 4; lastKnownFileType = sourcecode.c.h; path = PageViewController.h; sourceTree = "<group>"; };
		07F593711999ED1E00BD5C90 /* PageViewController.m */ = {isa = PBXFileReference; fileEncoding = 4; lastKnownFileType = sourcecode.c.objc; path = PageViewController.m; sourceTree = "<group>"; };
		07F593721999ED1E00BD5C90 /* PageViewController.xib */ = {isa = PBXFileReference; fileEncoding = 4; lastKnownFileType = file.xib; path = PageViewController.xib; sourceTree = "<group>"; };
		07F593771999ED1E00BD5C90 /* PDFPage.h */ = {isa = PBXFileReference; fileEncoding = 4; lastKnownFileType = sourcecode.c.h; path = PDFPage.h; sourceTree = "<group>"; };
		07F593781999ED1E00BD5C90 /* PDFPage.m */ = {isa = PBXFileReference; fileEncoding = 4; lastKnownFileType = sourcecode.c.objc; path = PDFPage.m; sourceTree = "<group>"; };
		07F593791999ED1E00BD5C90 /* PDFPageDetailsView.h */ = {isa = PBXFileReference; fileEncoding = 4; lastKnownFileType = sourcecode.c.h; path = PDFPageDetailsView.h; sourceTree = "<group>"; };
		07F5937A1999ED1E00BD5C90 /* PDFPageDetailsView.m */ = {isa = PBXFileReference; fileEncoding = 4; lastKnownFileType = sourcecode.c.objc; path = PDFPageDetailsView.m; sourceTree = "<group>"; };
		07F5937B1999ED1E00BD5C90 /* pdfScannerCallbacks.mm */ = {isa = PBXFileReference; fileEncoding = 4; lastKnownFileType = sourcecode.cpp.objcpp; path = pdfScannerCallbacks.mm; sourceTree = "<group>"; };
		07F5937C1999ED1E00BD5C90 /* RenderingState.h */ = {isa = PBXFileReference; fileEncoding = 4; lastKnownFileType = sourcecode.c.h; path = RenderingState.h; sourceTree = "<group>"; };
		07F5937D1999ED1E00BD5C90 /* RenderingState.m */ = {isa = PBXFileReference; fileEncoding = 4; lastKnownFileType = sourcecode.c.objc; path = RenderingState.m; sourceTree = "<group>"; };
		07F5937E1999ED1E00BD5C90 /* RenderingStateStack.h */ = {isa = PBXFileReference; fileEncoding = 4; lastKnownFileType = sourcecode.c.h; path = RenderingStateStack.h; sourceTree = "<group>"; };
		07F5937F1999ED1E00BD5C90 /* RenderingStateStack.m */ = {isa = PBXFileReference; fileEncoding = 4; lastKnownFileType = sourcecode.c.objc; path = RenderingStateStack.m; sourceTree = "<group>"; };
		07F593801999ED1E00BD5C90 /* RootViewController.h */ = {isa = PBXFileReference; fileEncoding = 4; lastKnownFileType = sourcecode.c.h; path = RootViewController.h; sourceTree = "<group>"; };
		07F593811999ED1E00BD5C90 /* RootViewController.m */ = {isa = PBXFileReference; fileEncoding = 4; lastKnownFileType = sourcecode.c.objc; path = RootViewController.m; sourceTree = "<group>"; };
		07F593821999ED1E00BD5C90 /* Scanner.h */ = {isa = PBXFileReference; fileEncoding = 4; lastKnownFileType = sourcecode.c.h; path = Scanner.h; sourceTree = "<group>"; };
		07F593831999ED1E00BD5C90 /* Scanner.m */ = {isa = PBXFileReference; fileEncoding = 4; lastKnownFileType = sourcecode.c.objc; path = Scanner.m; sourceTree = "<group>"; };
		07F593841999ED1E00BD5C90 /* Selection.h */ = {isa = PBXFileReference; fileEncoding = 4; lastKnownFileType = sourcecode.c.h; path = Selection.h; sourceTree = "<group>"; };
		07F593851999ED1E00BD5C90 /* Selection.m */ = {isa = PBXFileReference; fileEncoding = 4; lastKnownFileType = sourcecode.c.objc; path = Selection.m; sourceTree = "<group>"; };
		07F593861999ED1E00BD5C90 /* SimpleFont.h */ = {isa = PBXFileReference; fileEncoding = 4; lastKnownFileType = sourcecode.c.h; path = SimpleFont.h; sourceTree = "<group>"; };
		07F593871999ED1E00BD5C90 /* SimpleFont.m */ = {isa = PBXFileReference; fileEncoding = 4; lastKnownFileType = sourcecode.c.objc; path = SimpleFont.m; sourceTree = "<group>"; };
		07F593881999ED1E00BD5C90 /* StringDetector.h */ = {isa = PBXFileReference; fileEncoding = 4; lastKnownFileType = sourcecode.c.h; path = StringDetector.h; sourceTree = "<group>"; };
		07F593891999ED1E00BD5C90 /* StringDetector.m */ = {isa = PBXFileReference; fileEncoding = 4; lastKnownFileType = sourcecode.c.objc; path = StringDetector.m; sourceTree = "<group>"; };
		07F5938A1999ED1E00BD5C90 /* StringDetectorDelegate.h */ = {isa = PBXFileReference; fileEncoding = 4; lastKnownFileType = sourcecode.c.h; path = StringDetectorDelegate.h; sourceTree = "<group>"; };
		07F5938B1999ED1E00BD5C90 /* TrueTypeFont.h */ = {isa = PBXFileReference; fileEncoding = 4; lastKnownFileType = sourcecode.c.h; path = TrueTypeFont.h; sourceTree = "<group>"; };
		07F5938C1999ED1E00BD5C90 /* TrueTypeFont.m */ = {isa = PBXFileReference; fileEncoding = 4; lastKnownFileType = sourcecode.c.objc; path = TrueTypeFont.m; sourceTree = "<group>"; };
		07F5938D1999ED1E00BD5C90 /* Type0Font.h */ = {isa = PBXFileReference; fileEncoding = 4; lastKnownFileType = sourcecode.c.h; path = Type0Font.h; sourceTree = "<group>"; };
		07F5938E1999ED1E00BD5C90 /* Type0Font.m */ = {isa = PBXFileReference; fileEncoding = 4; lastKnownFileType = sourcecode.c.objc; path = Type0Font.m; sourceTree = "<group>"; };
		07F5938F1999ED1E00BD5C90 /* Type1Font.h */ = {isa = PBXFileReference; fileEncoding = 4; lastKnownFileType = sourcecode.c.h; path = Type1Font.h; sourceTree = "<group>"; };
		07F593901999ED1E00BD5C90 /* Type1Font.m */ = {isa = PBXFileReference; fileEncoding = 4; lastKnownFileType = sourcecode.c.objc; path = Type1Font.m; sourceTree = "<group>"; };
		07F593911999ED1E00BD5C90 /* Type3Font.h */ = {isa = PBXFileReference; fileEncoding = 4; lastKnownFileType = sourcecode.c.h; path = Type3Font.h; sourceTree = "<group>"; };
		07F593921999ED1E00BD5C90 /* Type3Font.m */ = {isa = PBXFileReference; fileEncoding = 4; lastKnownFileType = sourcecode.c.objc; path = Type3Font.m; sourceTree = "<group>"; };
		07F593B5199A0F7D00BD5C90 /* LeftMenuViewController.h */ = {isa = PBXFileReference; fileEncoding = 4; lastKnownFileType = sourcecode.c.h; path = LeftMenuViewController.h; sourceTree = "<group>"; };
		07F593B6199A0F7D00BD5C90 /* LeftMenuViewController.m */ = {isa = PBXFileReference; fileEncoding = 4; lastKnownFileType = sourcecode.c.objc; path = LeftMenuViewController.m; sourceTree = "<group>"; };
		07F593B8199A0F9200BD5C90 /* MainContentViewController.h */ = {isa = PBXFileReference; fileEncoding = 4; lastKnownFileType = sourcecode.c.h; path = MainContentViewController.h; sourceTree = "<group>"; };
		07F593B9199A0F9200BD5C90 /* MainContentViewController.m */ = {isa = PBXFileReference; fileEncoding = 4; lastKnownFileType = sourcecode.c.objc; path = MainContentViewController.m; sourceTree = "<group>"; };
		66939BF7B5CD48B6A6A3F12D /* Pods.xcconfig */ = {isa = PBXFileReference; includeInIndex = 1; lastKnownFileType = text.xcconfig; name = Pods.xcconfig; path = Pods/Pods.xcconfig; sourceTree = "<group>"; };
		70B0663602E44548A9B3BB3B /* libPods.a */ = {isa = PBXFileReference; explicitFileType = archive.ar; includeInIndex = 0; path = libPods.a; sourceTree = BUILT_PRODUCTS_DIR; };
/* End PBXFileReference section */

/* Begin PBXFrameworksBuildPhase section */
		075C11F619938B2B004F72FD /* Frameworks */ = {
			isa = PBXFrameworksBuildPhase;
			buildActionMask = 2147483647;
			files = (
				075C11FF19938B2B004F72FD /* CoreGraphics.framework in Frameworks */,
				075C120119938B2B004F72FD /* UIKit.framework in Frameworks */,
				075C11FD19938B2B004F72FD /* Foundation.framework in Frameworks */,
				202E8CD9D35045608DAD1A30 /* libPods.a in Frameworks */,
			);
			runOnlyForDeploymentPostprocessing = 0;
		};
		075C121719938B2B004F72FD /* Frameworks */ = {
			isa = PBXFrameworksBuildPhase;
			buildActionMask = 2147483647;
			files = (
				075C121C19938B2B004F72FD /* XCTest.framework in Frameworks */,
				075C121E19938B2B004F72FD /* UIKit.framework in Frameworks */,
				075C121D19938B2B004F72FD /* Foundation.framework in Frameworks */,
			);
			runOnlyForDeploymentPostprocessing = 0;
		};
/* End PBXFrameworksBuildPhase section */

/* Begin PBXGroup section */
		070813F01998ADD000043CF0 /* Book */ = {
			isa = PBXGroup;
			children = (
				0783DB2219B72E8E00869653 /* book.pdf */,
			);
			path = Book;
			sourceTree = "<group>";
		};
		075594A619B60B1A009DEFB4 /* DataBase */ = {
			isa = PBXGroup;
			children = (
				0783DB1719B7091500869653 /* book.sqlite */,
				075594A719B60B1A009DEFB4 /* Bean */,
				075594A819B60B1A009DEFB4 /* Dao */,
			);
			path = DataBase;
			sourceTree = "<group>";
		};
		075594A719B60B1A009DEFB4 /* Bean */ = {
			isa = PBXGroup;
			children = (
				0783DB1C19B7166F00869653 /* SuperBean.h */,
				0783DB1D19B7166F00869653 /* SuperBean.m */,
				0783DB1F19B7168700869653 /* ChapterBean.h */,
				0783DB2019B7168700869653 /* ChapterBean.m */,
				0783DB2419B767FD00869653 /* BookmarkBean.h */,
				0783DB2519B767FD00869653 /* BookmarkBean.m */,
				07CE3ACD19B8881400806999 /* HistoryBean.h */,
				07CE3ACE19B8881400806999 /* HistoryBean.m */,
				07CE3AD319B9AEBE00806999 /* NoteBean.h */,
				07CE3AD419B9AEBE00806999 /* NoteBean.m */,
			);
			path = Bean;
			sourceTree = "<group>";
		};
		075594A819B60B1A009DEFB4 /* Dao */ = {
			isa = PBXGroup;
			children = (
				075594A919B60B2E009DEFB4 /* SuperDao.h */,
				075594AA19B60B2E009DEFB4 /* SuperDao.m */,
				0783DB1919B7164200869653 /* ChapterDao.h */,
				0783DB1A19B7164200869653 /* ChapterDao.m */,
				0783DB2719B7680F00869653 /* BookmarkDao.h */,
				0783DB2819B7680F00869653 /* BookmarkDao.m */,
				07CE3AD019B8882A00806999 /* HistoryDao.h */,
				07CE3AD119B8882A00806999 /* HistoryDao.m */,
				07CE3AD619B9AECE00806999 /* NoteDao.h */,
				07CE3AD719B9AECE00806999 /* NoteDao.m */,
			);
			path = Dao;
			sourceTree = "<group>";
		};
		075C11F019938B2B004F72FD = {
			isa = PBXGroup;
			children = (
				075C120219938B2B004F72FD /* Work_For_Fun_20140808 */,
				075C122119938B2B004F72FD /* Work_For_Fun_20140808Tests */,
				075C11FB19938B2B004F72FD /* Frameworks */,
				075C11FA19938B2B004F72FD /* Products */,
				66939BF7B5CD48B6A6A3F12D /* Pods.xcconfig */,
			);
			sourceTree = "<group>";
		};
		075C11FA19938B2B004F72FD /* Products */ = {
			isa = PBXGroup;
			children = (
				075C11F919938B2B004F72FD /* Work_For_Fun_20140808.app */,
				075C121A19938B2B004F72FD /* Work_For_Fun_20140808Tests.xctest */,
			);
			name = Products;
			sourceTree = "<group>";
		};
		075C11FB19938B2B004F72FD /* Frameworks */ = {
			isa = PBXGroup;
			children = (
				075C11FC19938B2B004F72FD /* Foundation.framework */,
				075C11FE19938B2B004F72FD /* CoreGraphics.framework */,
				075C120019938B2B004F72FD /* UIKit.framework */,
				075C121B19938B2B004F72FD /* XCTest.framework */,
				70B0663602E44548A9B3BB3B /* libPods.a */,
			);
			name = Frameworks;
			sourceTree = "<group>";
		};
		075C120219938B2B004F72FD /* Work_For_Fun_20140808 */ = {
			isa = PBXGroup;
			children = (
				07CE3ADC19BC155800806999 /* Util */,
				075594A619B60B1A009DEFB4 /* DataBase */,
				07F593B4199A0F5300BD5C90 /* ViewControllers */,
				07F593541999ED1E00BD5C90 /* PDFKitten */,
				070813F01998ADD000043CF0 /* Book */,
				075C120B19938B2B004F72FD /* AppDelegate.h */,
				075C120C19938B2B004F72FD /* AppDelegate.m */,
				075C120E19938B2B004F72FD /* Main.storyboard */,
				075C121419938B2B004F72FD /* Images.xcassets */,
				075C120319938B2B004F72FD /* Supporting Files */,
				07B9F05119A890AE002F132F /* GlobalInstance.h */,
				07B9F05219A890AE002F132F /* GlobalInstance.m */,
			);
			path = Work_For_Fun_20140808;
			sourceTree = "<group>";
		};
		075C120319938B2B004F72FD /* Supporting Files */ = {
			isa = PBXGroup;
			children = (
				075C120419938B2B004F72FD /* Work_For_Fun_20140808-Info.plist */,
				075C120519938B2B004F72FD /* InfoPlist.strings */,
				075C120819938B2B004F72FD /* main.m */,
				075C120A19938B2B004F72FD /* Work_For_Fun_20140808-Prefix.pch */,
			);
			name = "Supporting Files";
			sourceTree = "<group>";
		};
		075C122119938B2B004F72FD /* Work_For_Fun_20140808Tests */ = {
			isa = PBXGroup;
			children = (
				075C122719938B2B004F72FD /* Work_For_Fun_20140808Tests.m */,
				075C122219938B2B004F72FD /* Supporting Files */,
			);
			path = Work_For_Fun_20140808Tests;
			sourceTree = "<group>";
		};
		075C122219938B2B004F72FD /* Supporting Files */ = {
			isa = PBXGroup;
			children = (
				075C122319938B2B004F72FD /* Work_For_Fun_20140808Tests-Info.plist */,
				075C122419938B2B004F72FD /* InfoPlist.strings */,
			);
			name = "Supporting Files";
			sourceTree = "<group>";
		};
		07CE3ADC19BC155800806999 /* Util */ = {
			isa = PBXGroup;
			children = (
				07CE3AE019BC1B6900806999 /* RequestWrapper.h */,
				07CE3AE119BC1B6900806999 /* RequestWrapper.m */,
				07CE3ADD19BC155800806999 /* AnimationWrapper.h */,
				07CE3ADE19BC155800806999 /* AnimationWrapper.m */,
			);
			path = Util;
			sourceTree = "<group>";
		};
		07F593541999ED1E00BD5C90 /* PDFKitten */ = {
			isa = PBXGroup;
			children = (
				07F593551999ED1E00BD5C90 /* CIDFont.h */,
				07F593561999ED1E00BD5C90 /* CIDFont.m */,
				07F593571999ED1E00BD5C90 /* CIDType0Font.h */,
				07F593581999ED1E00BD5C90 /* CIDType0Font.m */,
				07F593591999ED1E00BD5C90 /* CIDType2Font.h */,
				07F5935A1999ED1E00BD5C90 /* CIDType2Font.m */,
				07F5935B1999ED1E00BD5C90 /* CMap.h */,
				07F5935C1999ED1E00BD5C90 /* CMap.m */,
				07F5935D1999ED1E00BD5C90 /* CompositeFont.h */,
				07F5935E1999ED1E00BD5C90 /* CompositeFont.m */,
				07F5935F1999ED1E00BD5C90 /* DocumentsView.h */,
				07F593601999ED1E00BD5C90 /* DocumentsView.m */,
				07F593611999ED1E00BD5C90 /* Font.h */,
				07F593621999ED1E00BD5C90 /* Font.m */,
				07F593631999ED1E00BD5C90 /* FontCollection.h */,
				07F593641999ED1E00BD5C90 /* FontCollection.m */,
				07F593651999ED1E00BD5C90 /* FontDescriptor.h */,
				07F593661999ED1E00BD5C90 /* FontDescriptor.m */,
				07F593671999ED1E00BD5C90 /* FontFile.h */,
				07F593681999ED1E00BD5C90 /* FontFile.m */,
				07F5936A1999ED1E00BD5C90 /* MMType1Font.h */,
				07F5936B1999ED1E00BD5C90 /* MMType1Font.m */,
				07F5936C1999ED1E00BD5C90 /* Page.h */,
				07F5936D1999ED1E00BD5C90 /* Page.m */,
				07F5936E1999ED1E00BD5C90 /* PageView.h */,
				07F5936F1999ED1E00BD5C90 /* PageView.m */,
				07F593701999ED1E00BD5C90 /* PageViewController.h */,
				07F593711999ED1E00BD5C90 /* PageViewController.m */,
				07F593721999ED1E00BD5C90 /* PageViewController.xib */,
				07F593771999ED1E00BD5C90 /* PDFPage.h */,
				07F593781999ED1E00BD5C90 /* PDFPage.m */,
				07F593791999ED1E00BD5C90 /* PDFPageDetailsView.h */,
				07F5937A1999ED1E00BD5C90 /* PDFPageDetailsView.m */,
				07F5937B1999ED1E00BD5C90 /* pdfScannerCallbacks.mm */,
				07F5937C1999ED1E00BD5C90 /* RenderingState.h */,
				07F5937D1999ED1E00BD5C90 /* RenderingState.m */,
				07F5937E1999ED1E00BD5C90 /* RenderingStateStack.h */,
				07F5937F1999ED1E00BD5C90 /* RenderingStateStack.m */,
				07F593801999ED1E00BD5C90 /* RootViewController.h */,
				07F593811999ED1E00BD5C90 /* RootViewController.m */,
				07F593821999ED1E00BD5C90 /* Scanner.h */,
				07F593831999ED1E00BD5C90 /* Scanner.m */,
				07F593841999ED1E00BD5C90 /* Selection.h */,
				07F593851999ED1E00BD5C90 /* Selection.m */,
				07F593861999ED1E00BD5C90 /* SimpleFont.h */,
				07F593871999ED1E00BD5C90 /* SimpleFont.m */,
				07F593881999ED1E00BD5C90 /* StringDetector.h */,
				07F593891999ED1E00BD5C90 /* StringDetector.m */,
				07F5938A1999ED1E00BD5C90 /* StringDetectorDelegate.h */,
				07F5938B1999ED1E00BD5C90 /* TrueTypeFont.h */,
				07F5938C1999ED1E00BD5C90 /* TrueTypeFont.m */,
				07F5938D1999ED1E00BD5C90 /* Type0Font.h */,
				07F5938E1999ED1E00BD5C90 /* Type0Font.m */,
				07F5938F1999ED1E00BD5C90 /* Type1Font.h */,
				07F593901999ED1E00BD5C90 /* Type1Font.m */,
				07F593911999ED1E00BD5C90 /* Type3Font.h */,
				07F593921999ED1E00BD5C90 /* Type3Font.m */,
			);
			path = PDFKitten;
			sourceTree = "<group>";
		};
		07F593B4199A0F5300BD5C90 /* ViewControllers */ = {
			isa = PBXGroup;
			children = (
				07CE3AD919BB238C00806999 /* LoginViewController.h */,
				07CE3ADA19BB238C00806999 /* LoginViewController.m */,
				07BBEEC219B5D74E004BB46C /* GuideViewController.h */,
				07BBEEC319B5D74E004BB46C /* GuideViewController.m */,
				07F593B5199A0F7D00BD5C90 /* LeftMenuViewController.h */,
				07F593B6199A0F7D00BD5C90 /* LeftMenuViewController.m */,
				07F593B8199A0F9200BD5C90 /* MainContentViewController.h */,
				07F593B9199A0F9200BD5C90 /* MainContentViewController.m */,
				0775321E19B2F33E001211DF /* BookPageView.h */,
				0775321F19B2F33E001211DF /* BookPageView.m */,
				07CE3AE319BC303B00806999 /* WebViewController.h */,
				07CE3AE419BC303B00806999 /* WebViewController.m */,
			);
			path = ViewControllers;
			sourceTree = "<group>";
		};
/* End PBXGroup section */

/* Begin PBXNativeTarget section */
		075C11F819938B2B004F72FD /* Work_For_Fun_20140808 */ = {
			isa = PBXNativeTarget;
			buildConfigurationList = 075C122B19938B2B004F72FD /* Build configuration list for PBXNativeTarget "Work_For_Fun_20140808" */;
			buildPhases = (
				362BB035146E458F9122C989 /* Check Pods Manifest.lock */,
				075C11F519938B2B004F72FD /* Sources */,
				075C11F619938B2B004F72FD /* Frameworks */,
				075C11F719938B2B004F72FD /* Resources */,
				B06937F8DEE94CE9BB834A53 /* Copy Pods Resources */,
			);
			buildRules = (
			);
			dependencies = (
			);
			name = Work_For_Fun_20140808;
			productName = Work_For_Fun_20140808;
			productReference = 075C11F919938B2B004F72FD /* Work_For_Fun_20140808.app */;
			productType = "com.apple.product-type.application";
		};
		075C121919938B2B004F72FD /* Work_For_Fun_20140808Tests */ = {
			isa = PBXNativeTarget;
			buildConfigurationList = 075C122E19938B2B004F72FD /* Build configuration list for PBXNativeTarget "Work_For_Fun_20140808Tests" */;
			buildPhases = (
				075C121619938B2B004F72FD /* Sources */,
				075C121719938B2B004F72FD /* Frameworks */,
				075C121819938B2B004F72FD /* Resources */,
			);
			buildRules = (
			);
			dependencies = (
				075C122019938B2B004F72FD /* PBXTargetDependency */,
			);
			name = Work_For_Fun_20140808Tests;
			productName = Work_For_Fun_20140808Tests;
			productReference = 075C121A19938B2B004F72FD /* Work_For_Fun_20140808Tests.xctest */;
			productType = "com.apple.product-type.bundle.unit-test";
		};
/* End PBXNativeTarget section */

/* Begin PBXProject section */
		075C11F119938B2B004F72FD /* Project object */ = {
			isa = PBXProject;
			attributes = {
				LastUpgradeCheck = 0510;
				ORGANIZATIONNAME = Snail;
				TargetAttributes = {
					075C121919938B2B004F72FD = {
						TestTargetID = 075C11F819938B2B004F72FD;
					};
				};
			};
			buildConfigurationList = 075C11F419938B2B004F72FD /* Build configuration list for PBXProject "Work_For_Fun_20140808" */;
			compatibilityVersion = "Xcode 3.2";
			developmentRegion = English;
			hasScannedForEncodings = 0;
			knownRegions = (
				en,
				Base,
			);
			mainGroup = 075C11F019938B2B004F72FD;
			productRefGroup = 075C11FA19938B2B004F72FD /* Products */;
			projectDirPath = "";
			projectRoot = "";
			targets = (
				075C11F819938B2B004F72FD /* Work_For_Fun_20140808 */,
				075C121919938B2B004F72FD /* Work_For_Fun_20140808Tests */,
			);
		};
/* End PBXProject section */

/* Begin PBXResourcesBuildPhase section */
		075C11F719938B2B004F72FD /* Resources */ = {
			isa = PBXResourcesBuildPhase;
			buildActionMask = 2147483647;
			files = (
				0783DB1819B7091500869653 /* book.sqlite in Resources */,
				07F593A21999ED1E00BD5C90 /* PageViewController.xib in Resources */,
				0783DB2319B72E8E00869653 /* book.pdf in Resources */,
				075C121519938B2B004F72FD /* Images.xcassets in Resources */,
				075C120719938B2B004F72FD /* InfoPlist.strings in Resources */,
				075C121019938B2B004F72FD /* Main.storyboard in Resources */,
			);
			runOnlyForDeploymentPostprocessing = 0;
		};
		075C121819938B2B004F72FD /* Resources */ = {
			isa = PBXResourcesBuildPhase;
			buildActionMask = 2147483647;
			files = (
				075C122619938B2B004F72FD /* InfoPlist.strings in Resources */,
			);
			runOnlyForDeploymentPostprocessing = 0;
		};
/* End PBXResourcesBuildPhase section */

/* Begin PBXShellScriptBuildPhase section */
		362BB035146E458F9122C989 /* Check Pods Manifest.lock */ = {
			isa = PBXShellScriptBuildPhase;
			buildActionMask = 2147483647;
			files = (
			);
			inputPaths = (
			);
			name = "Check Pods Manifest.lock";
			outputPaths = (
			);
			runOnlyForDeploymentPostprocessing = 0;
			shellPath = /bin/sh;
			shellScript = "diff \"${PODS_ROOT}/../Podfile.lock\" \"${PODS_ROOT}/Manifest.lock\" > /dev/null\nif [[ $? != 0 ]] ; then\n    cat << EOM\nerror: The sandbox is not in sync with the Podfile.lock. Run 'pod install' or update your CocoaPods installation.\nEOM\n    exit 1\nfi\n";
			showEnvVarsInLog = 0;
		};
		B06937F8DEE94CE9BB834A53 /* Copy Pods Resources */ = {
			isa = PBXShellScriptBuildPhase;
			buildActionMask = 2147483647;
			files = (
			);
			inputPaths = (
			);
			name = "Copy Pods Resources";
			outputPaths = (
			);
			runOnlyForDeploymentPostprocessing = 0;
			shellPath = /bin/sh;
			shellScript = "\"${SRCROOT}/Pods/Pods-resources.sh\"\n";
			showEnvVarsInLog = 0;
		};
/* End PBXShellScriptBuildPhase section */

/* Begin PBXSourcesBuildPhase section */
		075C11F519938B2B004F72FD /* Sources */ = {
			isa = PBXSourcesBuildPhase;
			buildActionMask = 2147483647;
			files = (
				075C120D19938B2B004F72FD /* AppDelegate.m in Sources */,
				07CE3AE519BC303B00806999 /* WebViewController.m in Sources */,
				07F593AE1999ED1E00BD5C90 /* StringDetector.m in Sources */,
				07F593A51999ED1E00BD5C90 /* PDFPage.m in Sources */,
				07F593A01999ED1E00BD5C90 /* PageView.m in Sources */,
				07F593AC1999ED1E00BD5C90 /* Selection.m in Sources */,
				0783DB2619B767FD00869653 /* BookmarkBean.m in Sources */,
				07F5939A1999ED1E00BD5C90 /* FontCollection.m in Sources */,
				07CE3AD819B9AECE00806999 /* NoteDao.m in Sources */,
				07F593AB1999ED1E00BD5C90 /* Scanner.m in Sources */,
				07F593961999ED1E00BD5C90 /* CMap.m in Sources */,
				07F593981999ED1E00BD5C90 /* DocumentsView.m in Sources */,
				0783DB1B19B7164200869653 /* ChapterDao.m in Sources */,
				07F593AD1999ED1E00BD5C90 /* SimpleFont.m in Sources */,
				07F593B21999ED1E00BD5C90 /* Type3Font.m in Sources */,
				07CE3AD519B9AEBE00806999 /* NoteBean.m in Sources */,
				07F593941999ED1E00BD5C90 /* CIDType0Font.m in Sources */,
				07F593971999ED1E00BD5C90 /* CompositeFont.m in Sources */,
				07F593AA1999ED1E00BD5C90 /* RootViewController.m in Sources */,
				07F593B01999ED1E00BD5C90 /* Type0Font.m in Sources */,
				07F593A81999ED1E00BD5C90 /* RenderingState.m in Sources */,
				07CE3ACF19B8881400806999 /* HistoryBean.m in Sources */,
				07CE3AE219BC1B6900806999 /* RequestWrapper.m in Sources */,
				07BBEEC419B5D74E004BB46C /* GuideViewController.m in Sources */,
				07F5939B1999ED1E00BD5C90 /* FontDescriptor.m in Sources */,
				07F593B7199A0F7D00BD5C90 /* LeftMenuViewController.m in Sources */,
				07CE3ADB19BB238C00806999 /* LoginViewController.m in Sources */,
				07CE3AD219B8882A00806999 /* HistoryDao.m in Sources */,
				07F593951999ED1E00BD5C90 /* CIDType2Font.m in Sources */,
				07F593A71999ED1E00BD5C90 /* pdfScannerCallbacks.mm in Sources */,
				075C120919938B2B004F72FD /* main.m in Sources */,
				07F5939F1999ED1E00BD5C90 /* Page.m in Sources */,
				07F5939C1999ED1E00BD5C90 /* FontFile.m in Sources */,
				07F5939E1999ED1E00BD5C90 /* MMType1Font.m in Sources */,
				07F593991999ED1E00BD5C90 /* Font.m in Sources */,
				0783DB2919B7680F00869653 /* BookmarkDao.m in Sources */,
				0783DB1E19B7166F00869653 /* SuperBean.m in Sources */,
				07F593A91999ED1E00BD5C90 /* RenderingStateStack.m in Sources */,
				07F593AF1999ED1E00BD5C90 /* TrueTypeFont.m in Sources */,
				07CE3ADF19BC155800806999 /* AnimationWrapper.m in Sources */,
				07F593BA199A0F9200BD5C90 /* MainContentViewController.m in Sources */,
				07F593931999ED1E00BD5C90 /* CIDFont.m in Sources */,
				0775322019B2F33E001211DF /* BookPageView.m in Sources */,
				0783DB2119B7168700869653 /* ChapterBean.m in Sources */,
				07F593A11999ED1E00BD5C90 /* PageViewController.m in Sources */,
				075594AB19B60B2E009DEFB4 /* SuperDao.m in Sources */,
				07B9F05319A890AE002F132F /* GlobalInstance.m in Sources */,
				07F593A61999ED1E00BD5C90 /* PDFPageDetailsView.m in Sources */,
				07F593B11999ED1E00BD5C90 /* Type1Font.m in Sources */,
			);
			runOnlyForDeploymentPostprocessing = 0;
		};
		075C121619938B2B004F72FD /* Sources */ = {
			isa = PBXSourcesBuildPhase;
			buildActionMask = 2147483647;
			files = (
				075C122819938B2B004F72FD /* Work_For_Fun_20140808Tests.m in Sources */,
			);
			runOnlyForDeploymentPostprocessing = 0;
		};
/* End PBXSourcesBuildPhase section */

/* Begin PBXTargetDependency section */
		075C122019938B2B004F72FD /* PBXTargetDependency */ = {
			isa = PBXTargetDependency;
			target = 075C11F819938B2B004F72FD /* Work_For_Fun_20140808 */;
			targetProxy = 075C121F19938B2B004F72FD /* PBXContainerItemProxy */;
		};
/* End PBXTargetDependency section */

/* Begin PBXVariantGroup section */
		075C120519938B2B004F72FD /* InfoPlist.strings */ = {
			isa = PBXVariantGroup;
			children = (
				075C120619938B2B004F72FD /* en */,
			);
			name = InfoPlist.strings;
			sourceTree = "<group>";
		};
		075C120E19938B2B004F72FD /* Main.storyboard */ = {
			isa = PBXVariantGroup;
			children = (
				075C120F19938B2B004F72FD /* Base */,
			);
			name = Main.storyboard;
			sourceTree = "<group>";
		};
		075C122419938B2B004F72FD /* InfoPlist.strings */ = {
			isa = PBXVariantGroup;
			children = (
				075C122519938B2B004F72FD /* en */,
			);
			name = InfoPlist.strings;
			sourceTree = "<group>";
		};
/* End PBXVariantGroup section */

/* Begin XCBuildConfiguration section */
		075C122919938B2B004F72FD /* Debug */ = {
			isa = XCBuildConfiguration;
			buildSettings = {
				ALWAYS_SEARCH_USER_PATHS = NO;
				CLANG_CXX_LANGUAGE_STANDARD = "gnu++0x";
				CLANG_CXX_LIBRARY = "libc++";
				CLANG_ENABLE_MODULES = YES;
				CLANG_ENABLE_OBJC_ARC = YES;
				CLANG_WARN_BOOL_CONVERSION = YES;
				CLANG_WARN_CONSTANT_CONVERSION = YES;
				CLANG_WARN_DIRECT_OBJC_ISA_USAGE = YES_ERROR;
				CLANG_WARN_EMPTY_BODY = YES;
				CLANG_WARN_ENUM_CONVERSION = YES;
				CLANG_WARN_INT_CONVERSION = YES;
				CLANG_WARN_OBJC_ROOT_CLASS = YES_ERROR;
				CLANG_WARN__DUPLICATE_METHOD_MATCH = YES;
				"CODE_SIGN_IDENTITY[sdk=iphoneos*]" = "iPhone Developer";
				COPY_PHASE_STRIP = NO;
				GCC_C_LANGUAGE_STANDARD = gnu99;
				GCC_DYNAMIC_NO_PIC = NO;
				GCC_OPTIMIZATION_LEVEL = 0;
				GCC_PREPROCESSOR_DEFINITIONS = (
					"DEBUG=1",
					"$(inherited)",
				);
				GCC_SYMBOLS_PRIVATE_EXTERN = NO;
				GCC_WARN_64_TO_32_BIT_CONVERSION = YES;
				GCC_WARN_ABOUT_RETURN_TYPE = YES_ERROR;
				GCC_WARN_UNDECLARED_SELECTOR = YES;
				GCC_WARN_UNINITIALIZED_AUTOS = YES_AGGRESSIVE;
				GCC_WARN_UNUSED_FUNCTION = YES;
				GCC_WARN_UNUSED_VARIABLE = YES;
				IPHONEOS_DEPLOYMENT_TARGET = 7.1;
				ONLY_ACTIVE_ARCH = YES;
				SDKROOT = iphoneos;
			};
			name = Debug;
		};
		075C122A19938B2B004F72FD /* Release */ = {
			isa = XCBuildConfiguration;
			buildSettings = {
				ALWAYS_SEARCH_USER_PATHS = NO;
				CLANG_CXX_LANGUAGE_STANDARD = "gnu++0x";
				CLANG_CXX_LIBRARY = "libc++";
				CLANG_ENABLE_MODULES = YES;
				CLANG_ENABLE_OBJC_ARC = YES;
				CLANG_WARN_BOOL_CONVERSION = YES;
				CLANG_WARN_CONSTANT_CONVERSION = YES;
				CLANG_WARN_DIRECT_OBJC_ISA_USAGE = YES_ERROR;
				CLANG_WARN_EMPTY_BODY = YES;
				CLANG_WARN_ENUM_CONVERSION = YES;
				CLANG_WARN_INT_CONVERSION = YES;
				CLANG_WARN_OBJC_ROOT_CLASS = YES_ERROR;
				CLANG_WARN__DUPLICATE_METHOD_MATCH = YES;
				"CODE_SIGN_IDENTITY[sdk=iphoneos*]" = "iPhone Developer";
				COPY_PHASE_STRIP = YES;
				ENABLE_NS_ASSERTIONS = NO;
				GCC_C_LANGUAGE_STANDARD = gnu99;
				GCC_WARN_64_TO_32_BIT_CONVERSION = YES;
				GCC_WARN_ABOUT_RETURN_TYPE = YES_ERROR;
				GCC_WARN_UNDECLARED_SELECTOR = YES;
				GCC_WARN_UNINITIALIZED_AUTOS = YES_AGGRESSIVE;
				GCC_WARN_UNUSED_FUNCTION = YES;
				GCC_WARN_UNUSED_VARIABLE = YES;
				IPHONEOS_DEPLOYMENT_TARGET = 7.1;
				SDKROOT = iphoneos;
				VALIDATE_PRODUCT = YES;
			};
			name = Release;
		};
		075C122C19938B2B004F72FD /* Debug */ = {
			isa = XCBuildConfiguration;
			baseConfigurationReference = 66939BF7B5CD48B6A6A3F12D /* Pods.xcconfig */;
			buildSettings = {
				ASSETCATALOG_COMPILER_APPICON_NAME = AppIcon;
				ASSETCATALOG_COMPILER_LAUNCHIMAGE_NAME = LaunchImage;
				DEBUG_INFORMATION_FORMAT = "dwarf-with-dsym";
				FRAMEWORK_SEARCH_PATHS = "$(inherited)";
				GCC_PRECOMPILE_PREFIX_HEADER = YES;
				GCC_PREFIX_HEADER = "Work_For_Fun_20140808/Work_For_Fun_20140808-Prefix.pch";
				INFOPLIST_FILE = "Work_For_Fun_20140808/Work_For_Fun_20140808-Info.plist";
				IPHONEOS_DEPLOYMENT_TARGET = 6.0;
				ONLY_ACTIVE_ARCH = YES;
				PRODUCT_NAME = "$(TARGET_NAME)";
				TARGETED_DEVICE_FAMILY = 1;
				VALID_ARCHS = "arm64 armv7 armv7s";
				WRAPPER_EXTENSION = app;
			};
			name = Debug;
		};
		075C122D19938B2B004F72FD /* Release */ = {
			isa = XCBuildConfiguration;
			baseConfigurationReference = 66939BF7B5CD48B6A6A3F12D /* Pods.xcconfig */;
			buildSettings = {
				ASSETCATALOG_COMPILER_APPICON_NAME = AppIcon;
				ASSETCATALOG_COMPILER_LAUNCHIMAGE_NAME = LaunchImage;
				CODE_SIGN_IDENTITY = "iPhone Distribution: Baidu (China) Co., Ltd.";
				"CODE_SIGN_IDENTITY[sdk=iphoneos*]" = "iPhone Distribution: Baidu (China) Co., Ltd.";
				DEBUG_INFORMATION_FORMAT = "dwarf-with-dsym";
				FRAMEWORK_SEARCH_PATHS = "$(inherited)";
				GCC_PRECOMPILE_PREFIX_HEADER = YES;
				GCC_PREFIX_HEADER = "Work_For_Fun_20140808/Work_For_Fun_20140808-Prefix.pch";
				INFOPLIST_FILE = "Work_For_Fun_20140808/Work_For_Fun_20140808-Info.plist";
				IPHONEOS_DEPLOYMENT_TARGET = 6.0;
				PRODUCT_NAME = "$(TARGET_NAME)";
				PROVISIONING_PROFILE = "";
				TARGETED_DEVICE_FAMILY = 1;
				VALID_ARCHS = "arm64 armv7 armv7s";
				WRAPPER_EXTENSION = app;
			};
			name = Release;
		};
		075C122F19938B2B004F72FD /* Debug */ = {
			isa = XCBuildConfiguration;
			buildSettings = {
				BUNDLE_LOADER = "$(BUILT_PRODUCTS_DIR)/Work_For_Fun_20140808.app/Work_For_Fun_20140808";
				FRAMEWORK_SEARCH_PATHS = (
					"$(SDKROOT)/Developer/Library/Frameworks",
					"$(inherited)",
					"$(DEVELOPER_FRAMEWORKS_DIR)",
				);
				GCC_PRECOMPILE_PREFIX_HEADER = YES;
				GCC_PREFIX_HEADER = "Work_For_Fun_20140808/Work_For_Fun_20140808-Prefix.pch";
				GCC_PREPROCESSOR_DEFINITIONS = (
					"DEBUG=1",
					"$(inherited)",
				);
				INFOPLIST_FILE = "Work_For_Fun_20140808Tests/Work_For_Fun_20140808Tests-Info.plist";
				PRODUCT_NAME = "$(TARGET_NAME)";
				TEST_HOST = "$(BUNDLE_LOADER)";
				WRAPPER_EXTENSION = xctest;
			};
			name = Debug;
		};
		075C123019938B2B004F72FD /* Release */ = {
			isa = XCBuildConfiguration;
			buildSettings = {
				BUNDLE_LOADER = "$(BUILT_PRODUCTS_DIR)/Work_For_Fun_20140808.app/Work_For_Fun_20140808";
				FRAMEWORK_SEARCH_PATHS = (
					"$(SDKROOT)/Developer/Library/Frameworks",
					"$(inherited)",
					"$(DEVELOPER_FRAMEWORKS_DIR)",
				);
				GCC_PRECOMPILE_PREFIX_HEADER = YES;
				GCC_PREFIX_HEADER = "Work_For_Fun_20140808/Work_For_Fun_20140808-Prefix.pch";
				INFOPLIST_FILE = "Work_For_Fun_20140808Tests/Work_For_Fun_20140808Tests-Info.plist";
				PRODUCT_NAME = "$(TARGET_NAME)";
				TEST_HOST = "$(BUNDLE_LOADER)";
				WRAPPER_EXTENSION = xctest;
			};
			name = Release;
		};
/* End XCBuildConfiguration section */

/* Begin XCConfigurationList section */
		075C11F419938B2B004F72FD /* Build configuration list for PBXProject "Work_For_Fun_20140808" */ = {
			isa = XCConfigurationList;
			buildConfigurations = (
				075C122919938B2B004F72FD /* Debug */,
				075C122A19938B2B004F72FD /* Release */,
			);
			defaultConfigurationIsVisible = 0;
			defaultConfigurationName = Release;
		};
		075C122B19938B2B004F72FD /* Build configuration list for PBXNativeTarget "Work_For_Fun_20140808" */ = {
			isa = XCConfigurationList;
			buildConfigurations = (
				075C122C19938B2B004F72FD /* Debug */,
				075C122D19938B2B004F72FD /* Release */,
			);
			defaultConfigurationIsVisible = 0;
			defaultConfigurationName = Release;
		};
		075C122E19938B2B004F72FD /* Build configuration list for PBXNativeTarget "Work_For_Fun_20140808Tests" */ = {
			isa = XCConfigurationList;
			buildConfigurations = (
				075C122F19938B2B004F72FD /* Debug */,
				075C123019938B2B004F72FD /* Release */,
			);
			defaultConfigurationIsVisible = 0;
			defaultConfigurationName = Release;
		};
/* End XCConfigurationList section */
	};
	rootObject = 075C11F119938B2B004F72FD /* Project object */;
}
